// !$*UTF8*$!
{
	archiveVersion = 1;
	classes = {
	};
	objectVersion = 56;
	objects = {

/* Begin PBXBuildFile section */
		2B309E0B2A53580700220D1F /* ChoiceDiceApp.swift in Sources */ = {isa = PBXBuildFile; fileRef = 2B309E0A2A53580700220D1F /* ChoiceDiceApp.swift */; };
		2B309E0D2A53580700220D1F /* ContentView.swift in Sources */ = {isa = PBXBuildFile; fileRef = 2B309E0C2A53580700220D1F /* ContentView.swift */; };
		2B309E0F2A53580900220D1F /* Assets.xcassets in Resources */ = {isa = PBXBuildFile; fileRef = 2B309E0E2A53580900220D1F /* Assets.xcassets */; };
		2B309E122A53580900220D1F /* Preview Assets.xcassets in Resources */ = {isa = PBXBuildFile; fileRef = 2B309E112A53580900220D1F /* Preview Assets.xcassets */; };
		2B309E142A53580900220D1F /* Persistence.swift in Sources */ = {isa = PBXBuildFile; fileRef = 2B309E132A53580900220D1F /* Persistence.swift */; };
		2B309E172A53580900220D1F /* ChoiceDice.xcdatamodeld in Sources */ = {isa = PBXBuildFile; fileRef = 2B309E152A53580900220D1F /* ChoiceDice.xcdatamodeld */; };
		2B309E212A53580900220D1F /* ChoiceDiceTests.swift in Sources */ = {isa = PBXBuildFile; fileRef = 2B309E202A53580900220D1F /* ChoiceDiceTests.swift */; };
		2B309E2B2A53580900220D1F /* ChoiceDiceUITests.swift in Sources */ = {isa = PBXBuildFile; fileRef = 2B309E2A2A53580900220D1F /* ChoiceDiceUITests.swift */; };
		2B309E2D2A53580900220D1F /* ChoiceDiceUITestsLaunchTests.swift in Sources */ = {isa = PBXBuildFile; fileRef = 2B309E2C2A53580900220D1F /* ChoiceDiceUITestsLaunchTests.swift */; };
		2B309E3F2A5359B800220D1F /* ComposableArchitecture in Frameworks */ = {isa = PBXBuildFile; productRef = 2B309E3E2A5359B800220D1F /* ComposableArchitecture */; };
		2B309E412A535A8B00220D1F /* Roll.swift in Sources */ = {isa = PBXBuildFile; fileRef = 2B309E402A535A8B00220D1F /* Roll.swift */; };
		2B309E442A535B2900220D1F /* Dice.swift in Sources */ = {isa = PBXBuildFile; fileRef = 2B309E432A535B2800220D1F /* Dice.swift */; };
		2B309E462A535D5A00220D1F /* RollView.swift in Sources */ = {isa = PBXBuildFile; fileRef = 2B309E452A535D5A00220D1F /* RollView.swift */; };
		2B8A0DC92A54728D00729137 /* RollDetail.swift in Sources */ = {isa = PBXBuildFile; fileRef = 2B8A0DC82A54728D00729137 /* RollDetail.swift */; };
		2B8A0DCD2A54766100729137 /* RollDetailView.swift in Sources */ = {isa = PBXBuildFile; fileRef = 2B8A0DCC2A54766100729137 /* RollDetailView.swift */; };
		2BF2D1B82A54A6070082293A /* RollSliceTests.swift in Sources */ = {isa = PBXBuildFile; fileRef = 2BF2D1B72A54A6070082293A /* RollSliceTests.swift */; };
		2BF2D1BA2A54A9E80082293A /* getRandomOption.swift in Sources */ = {isa = PBXBuildFile; fileRef = 2BF2D1B92A54A9E80082293A /* getRandomOption.swift */; };
		2BF2D1C42A54B7B30082293A /* ComposableArchitecture in Frameworks */ = {isa = PBXBuildFile; productRef = 2BF2D1C32A54B7B30082293A /* ComposableArchitecture */; };
		2BF2D1C62A54B7C50082293A /* SnapshotTesting in Frameworks */ = {isa = PBXBuildFile; productRef = 2BF2D1C52A54B7C50082293A /* SnapshotTesting */; };
/* End PBXBuildFile section */

/* Begin PBXContainerItemProxy section */
		2B309E1D2A53580900220D1F /* PBXContainerItemProxy */ = {
			isa = PBXContainerItemProxy;
			containerPortal = 2B309DFF2A53580700220D1F /* Project object */;
			proxyType = 1;
			remoteGlobalIDString = 2B309E062A53580700220D1F;
			remoteInfo = ChoiceDice;
		};
		2B309E272A53580900220D1F /* PBXContainerItemProxy */ = {
			isa = PBXContainerItemProxy;
			containerPortal = 2B309DFF2A53580700220D1F /* Project object */;
			proxyType = 1;
			remoteGlobalIDString = 2B309E062A53580700220D1F;
			remoteInfo = ChoiceDice;
		};
/* End PBXContainerItemProxy section */

/* Begin PBXFileReference section */
		2B309E072A53580700220D1F /* ChoiceDice.app */ = {isa = PBXFileReference; explicitFileType = wrapper.application; includeInIndex = 0; path = ChoiceDice.app; sourceTree = BUILT_PRODUCTS_DIR; };
		2B309E0A2A53580700220D1F /* ChoiceDiceApp.swift */ = {isa = PBXFileReference; lastKnownFileType = sourcecode.swift; path = ChoiceDiceApp.swift; sourceTree = "<group>"; };
		2B309E0C2A53580700220D1F /* ContentView.swift */ = {isa = PBXFileReference; lastKnownFileType = sourcecode.swift; path = ContentView.swift; sourceTree = "<group>"; };
		2B309E0E2A53580900220D1F /* Assets.xcassets */ = {isa = PBXFileReference; lastKnownFileType = folder.assetcatalog; path = Assets.xcassets; sourceTree = "<group>"; };
		2B309E112A53580900220D1F /* Preview Assets.xcassets */ = {isa = PBXFileReference; lastKnownFileType = folder.assetcatalog; path = "Preview Assets.xcassets"; sourceTree = "<group>"; };
		2B309E132A53580900220D1F /* Persistence.swift */ = {isa = PBXFileReference; lastKnownFileType = sourcecode.swift; path = Persistence.swift; sourceTree = "<group>"; };
		2B309E162A53580900220D1F /* ChoiceDice.xcdatamodel */ = {isa = PBXFileReference; lastKnownFileType = wrapper.xcdatamodel; path = ChoiceDice.xcdatamodel; sourceTree = "<group>"; };
		2B309E1C2A53580900220D1F /* ChoiceDiceTests.xctest */ = {isa = PBXFileReference; explicitFileType = wrapper.cfbundle; includeInIndex = 0; path = ChoiceDiceTests.xctest; sourceTree = BUILT_PRODUCTS_DIR; };
		2B309E202A53580900220D1F /* ChoiceDiceTests.swift */ = {isa = PBXFileReference; lastKnownFileType = sourcecode.swift; path = ChoiceDiceTests.swift; sourceTree = "<group>"; };
		2B309E262A53580900220D1F /* ChoiceDiceUITests.xctest */ = {isa = PBXFileReference; explicitFileType = wrapper.cfbundle; includeInIndex = 0; path = ChoiceDiceUITests.xctest; sourceTree = BUILT_PRODUCTS_DIR; };
		2B309E2A2A53580900220D1F /* ChoiceDiceUITests.swift */ = {isa = PBXFileReference; lastKnownFileType = sourcecode.swift; path = ChoiceDiceUITests.swift; sourceTree = "<group>"; };
		2B309E2C2A53580900220D1F /* ChoiceDiceUITestsLaunchTests.swift */ = {isa = PBXFileReference; lastKnownFileType = sourcecode.swift; path = ChoiceDiceUITestsLaunchTests.swift; sourceTree = "<group>"; };
		2B309E402A535A8B00220D1F /* Roll.swift */ = {isa = PBXFileReference; lastKnownFileType = sourcecode.swift; path = Roll.swift; sourceTree = "<group>"; };
		2B309E432A535B2800220D1F /* Dice.swift */ = {isa = PBXFileReference; lastKnownFileType = sourcecode.swift; path = Dice.swift; sourceTree = "<group>"; };
		2B309E452A535D5A00220D1F /* RollView.swift */ = {isa = PBXFileReference; lastKnownFileType = sourcecode.swift; path = RollView.swift; sourceTree = "<group>"; };
		2B8A0DC82A54728D00729137 /* RollDetail.swift */ = {isa = PBXFileReference; lastKnownFileType = sourcecode.swift; path = RollDetail.swift; sourceTree = "<group>"; };
		2B8A0DCC2A54766100729137 /* RollDetailView.swift */ = {isa = PBXFileReference; lastKnownFileType = sourcecode.swift; path = RollDetailView.swift; sourceTree = "<group>"; };
		2BF2D1B72A54A6070082293A /* RollSliceTests.swift */ = {isa = PBXFileReference; lastKnownFileType = sourcecode.swift; path = RollSliceTests.swift; sourceTree = "<group>"; };
		2BF2D1B92A54A9E80082293A /* getRandomOption.swift */ = {isa = PBXFileReference; lastKnownFileType = sourcecode.swift; name = getRandomOption.swift; path = ChoiceDiceTests/getRandomOption.swift; sourceTree = SOURCE_ROOT; };
/* End PBXFileReference section */

/* Begin PBXFrameworksBuildPhase section */
		2B309E042A53580700220D1F /* Frameworks */ = {
			isa = PBXFrameworksBuildPhase;
			buildActionMask = 2147483647;
			files = (
				2B309E3F2A5359B800220D1F /* ComposableArchitecture in Frameworks */,
			);
			runOnlyForDeploymentPostprocessing = 0;
		};
		2B309E192A53580900220D1F /* Frameworks */ = {
			isa = PBXFrameworksBuildPhase;
			buildActionMask = 2147483647;
			files = (
				2BF2D1C42A54B7B30082293A /* ComposableArchitecture in Frameworks */,
				2BF2D1C62A54B7C50082293A /* SnapshotTesting in Frameworks */,
			);
			runOnlyForDeploymentPostprocessing = 0;
		};
		2B309E232A53580900220D1F /* Frameworks */ = {
			isa = PBXFrameworksBuildPhase;
			buildActionMask = 2147483647;
			files = (
			);
			runOnlyForDeploymentPostprocessing = 0;
		};
/* End PBXFrameworksBuildPhase section */

/* Begin PBXGroup section */
		2B309DFE2A53580700220D1F = {
			isa = PBXGroup;
			children = (
				2B309E092A53580700220D1F /* ChoiceDice */,
				2B309E1F2A53580900220D1F /* ChoiceDiceTests */,
				2B309E292A53580900220D1F /* ChoiceDiceUITests */,
				2B309E082A53580700220D1F /* Products */,
				2BF2D1C22A54B7B30082293A /* Frameworks */,
			);
			sourceTree = "<group>";
		};
		2B309E082A53580700220D1F /* Products */ = {
			isa = PBXGroup;
			children = (
				2B309E072A53580700220D1F /* ChoiceDice.app */,
				2B309E1C2A53580900220D1F /* ChoiceDiceTests.xctest */,
				2B309E262A53580900220D1F /* ChoiceDiceUITests.xctest */,
			);
			name = Products;
			sourceTree = "<group>";
		};
		2B309E092A53580700220D1F /* ChoiceDice */ = {
			isa = PBXGroup;
			children = (
				2B309E3C2A53592700220D1F /* Domain */,
				2B309E3A2A53591D00220D1F /* Core */,
				2B309E392A53591900220D1F /* UI */,
				2B309E0A2A53580700220D1F /* ChoiceDiceApp.swift */,
				2B309E0E2A53580900220D1F /* Assets.xcassets */,
				2B309E132A53580900220D1F /* Persistence.swift */,
				2B309E152A53580900220D1F /* ChoiceDice.xcdatamodeld */,
				2B309E102A53580900220D1F /* Preview Content */,
			);
			path = ChoiceDice;
			sourceTree = "<group>";
		};
		2B309E102A53580900220D1F /* Preview Content */ = {
			isa = PBXGroup;
			children = (
				2B309E112A53580900220D1F /* Preview Assets.xcassets */,
			);
			path = "Preview Content";
			sourceTree = "<group>";
		};
		2B309E1F2A53580900220D1F /* ChoiceDiceTests */ = {
			isa = PBXGroup;
			children = (
				2B309E202A53580900220D1F /* ChoiceDiceTests.swift */,
				2BF2D1B72A54A6070082293A /* RollSliceTests.swift */,
			);
			path = ChoiceDiceTests;
			sourceTree = "<group>";
		};
		2B309E292A53580900220D1F /* ChoiceDiceUITests */ = {
			isa = PBXGroup;
			children = (
				2B309E2A2A53580900220D1F /* ChoiceDiceUITests.swift */,
				2B309E2C2A53580900220D1F /* ChoiceDiceUITestsLaunchTests.swift */,
			);
			path = ChoiceDiceUITests;
			sourceTree = "<group>";
		};
		2B309E392A53591900220D1F /* UI */ = {
			isa = PBXGroup;
			children = (
				2B309E0C2A53580700220D1F /* ContentView.swift */,
				2B309E452A535D5A00220D1F /* RollView.swift */,
				2B8A0DCC2A54766100729137 /* RollDetailView.swift */,
			);
			path = UI;
			sourceTree = "<group>";
		};
		2B309E3A2A53591D00220D1F /* Core */ = {
			isa = PBXGroup;
			children = (
				2B309E422A535B2000220D1F /* Model */,
				2B309E402A535A8B00220D1F /* Roll.swift */,
				2B8A0DC82A54728D00729137 /* RollDetail.swift */,
			);
			path = Core;
			sourceTree = "<group>";
		};
		2B309E3C2A53592700220D1F /* Domain */ = {
			isa = PBXGroup;
			children = (
				2BF2D1B92A54A9E80082293A /* getRandomOption.swift */,
			);
			path = Domain;
			sourceTree = "<group>";
		};
		2B309E422A535B2000220D1F /* Model */ = {
			isa = PBXGroup;
			children = (
				2B309E432A535B2800220D1F /* Dice.swift */,
			);
			path = Model;
			sourceTree = "<group>";
		};
		2BF2D1C22A54B7B30082293A /* Frameworks */ = {
			isa = PBXGroup;
			children = (
			);
			name = Frameworks;
			sourceTree = "<group>";
		};
/* End PBXGroup section */

/* Begin PBXNativeTarget section */
		2B309E062A53580700220D1F /* ChoiceDice */ = {
			isa = PBXNativeTarget;
			buildConfigurationList = 2B309E302A53580900220D1F /* Build configuration list for PBXNativeTarget "ChoiceDice" */;
			buildPhases = (
				2B309E032A53580700220D1F /* Sources */,
				2B309E042A53580700220D1F /* Frameworks */,
				2B309E052A53580700220D1F /* Resources */,
			);
			buildRules = (
			);
			dependencies = (
			);
			name = ChoiceDice;
			packageProductDependencies = (
				2B309E3E2A5359B800220D1F /* ComposableArchitecture */,
			);
			productName = ChoiceDice;
			productReference = 2B309E072A53580700220D1F /* ChoiceDice.app */;
			productType = "com.apple.product-type.application";
		};
		2B309E1B2A53580900220D1F /* ChoiceDiceTests */ = {
			isa = PBXNativeTarget;
			buildConfigurationList = 2B309E332A53580900220D1F /* Build configuration list for PBXNativeTarget "ChoiceDiceTests" */;
			buildPhases = (
				2B309E182A53580900220D1F /* Sources */,
				2B309E192A53580900220D1F /* Frameworks */,
				2B309E1A2A53580900220D1F /* Resources */,
			);
			buildRules = (
			);
			dependencies = (
				2B309E1E2A53580900220D1F /* PBXTargetDependency */,
			);
			name = ChoiceDiceTests;
			packageProductDependencies = (
				2BF2D1C32A54B7B30082293A /* ComposableArchitecture */,
				2BF2D1C52A54B7C50082293A /* SnapshotTesting */,
			);
			productName = ChoiceDiceTests;
			productReference = 2B309E1C2A53580900220D1F /* ChoiceDiceTests.xctest */;
			productType = "com.apple.product-type.bundle.unit-test";
		};
		2B309E252A53580900220D1F /* ChoiceDiceUITests */ = {
			isa = PBXNativeTarget;
			buildConfigurationList = 2B309E362A53580900220D1F /* Build configuration list for PBXNativeTarget "ChoiceDiceUITests" */;
			buildPhases = (
				2B309E222A53580900220D1F /* Sources */,
				2B309E232A53580900220D1F /* Frameworks */,
				2B309E242A53580900220D1F /* Resources */,
			);
			buildRules = (
			);
			dependencies = (
				2B309E282A53580900220D1F /* PBXTargetDependency */,
			);
			name = ChoiceDiceUITests;
			productName = ChoiceDiceUITests;
			productReference = 2B309E262A53580900220D1F /* ChoiceDiceUITests.xctest */;
			productType = "com.apple.product-type.bundle.ui-testing";
		};
/* End PBXNativeTarget section */

/* Begin PBXProject section */
		2B309DFF2A53580700220D1F /* Project object */ = {
			isa = PBXProject;
			attributes = {
				BuildIndependentTargetsInParallel = 1;
				LastSwiftUpdateCheck = 1430;
				LastUpgradeCheck = 1430;
				TargetAttributes = {
					2B309E062A53580700220D1F = {
						CreatedOnToolsVersion = 14.3;
					};
					2B309E1B2A53580900220D1F = {
						CreatedOnToolsVersion = 14.3;
						TestTargetID = 2B309E062A53580700220D1F;
					};
					2B309E252A53580900220D1F = {
						CreatedOnToolsVersion = 14.3;
						TestTargetID = 2B309E062A53580700220D1F;
					};
				};
			};
			buildConfigurationList = 2B309E022A53580700220D1F /* Build configuration list for PBXProject "ChoiceDice" */;
			compatibilityVersion = "Xcode 14.0";
			developmentRegion = en;
			hasScannedForEncodings = 0;
			knownRegions = (
				en,
				Base,
			);
			mainGroup = 2B309DFE2A53580700220D1F;
			packageReferences = (
				2B309E3D2A5359B800220D1F /* XCRemoteSwiftPackageReference "swift-composable-architecture" */,
				2BF2D1BB2A54B5AE0082293A /* XCRemoteSwiftPackageReference "swift-snapshot-testing" */,
			);
			productRefGroup = 2B309E082A53580700220D1F /* Products */;
			projectDirPath = "";
			projectRoot = "";
			targets = (
				2B309E062A53580700220D1F /* ChoiceDice */,
				2B309E1B2A53580900220D1F /* ChoiceDiceTests */,
				2B309E252A53580900220D1F /* ChoiceDiceUITests */,
			);
		};
/* End PBXProject section */

/* Begin PBXResourcesBuildPhase section */
		2B309E052A53580700220D1F /* Resources */ = {
			isa = PBXResourcesBuildPhase;
			buildActionMask = 2147483647;
			files = (
				2B309E122A53580900220D1F /* Preview Assets.xcassets in Resources */,
				2B309E0F2A53580900220D1F /* Assets.xcassets in Resources */,
			);
			runOnlyForDeploymentPostprocessing = 0;
		};
		2B309E1A2A53580900220D1F /* Resources */ = {
			isa = PBXResourcesBuildPhase;
			buildActionMask = 2147483647;
			files = (
			);
			runOnlyForDeploymentPostprocessing = 0;
		};
		2B309E242A53580900220D1F /* Resources */ = {
			isa = PBXResourcesBuildPhase;
			buildActionMask = 2147483647;
			files = (
			);
			runOnlyForDeploymentPostprocessing = 0;
		};
/* End PBXResourcesBuildPhase section */

/* Begin PBXSourcesBuildPhase section */
		2B309E032A53580700220D1F /* Sources */ = {
			isa = PBXSourcesBuildPhase;
			buildActionMask = 2147483647;
			files = (
				2B309E142A53580900220D1F /* Persistence.swift in Sources */,
				2B309E462A535D5A00220D1F /* RollView.swift in Sources */,
				2B309E0D2A53580700220D1F /* ContentView.swift in Sources */,
				2B309E0B2A53580700220D1F /* ChoiceDiceApp.swift in Sources */,
				2BF2D1BA2A54A9E80082293A /* getRandomOption.swift in Sources */,
				2B8A0DC92A54728D00729137 /* RollDetail.swift in Sources */,
				2B309E412A535A8B00220D1F /* Roll.swift in Sources */,
				2B8A0DCD2A54766100729137 /* RollDetailView.swift in Sources */,
				2B309E442A535B2900220D1F /* Dice.swift in Sources */,
				2B309E172A53580900220D1F /* ChoiceDice.xcdatamodeld in Sources */,
			);
			runOnlyForDeploymentPostprocessing = 0;
		};
		2B309E182A53580900220D1F /* Sources */ = {
			isa = PBXSourcesBuildPhase;
			buildActionMask = 2147483647;
			files = (
				2B309E212A53580900220D1F /* ChoiceDiceTests.swift in Sources */,
				2BF2D1B82A54A6070082293A /* RollSliceTests.swift in Sources */,
			);
			runOnlyForDeploymentPostprocessing = 0;
		};
		2B309E222A53580900220D1F /* Sources */ = {
			isa = PBXSourcesBuildPhase;
			buildActionMask = 2147483647;
			files = (
				2B309E2D2A53580900220D1F /* ChoiceDiceUITestsLaunchTests.swift in Sources */,
				2B309E2B2A53580900220D1F /* ChoiceDiceUITests.swift in Sources */,
			);
			runOnlyForDeploymentPostprocessing = 0;
		};
/* End PBXSourcesBuildPhase section */

/* Begin PBXTargetDependency section */
		2B309E1E2A53580900220D1F /* PBXTargetDependency */ = {
			isa = PBXTargetDependency;
			target = 2B309E062A53580700220D1F /* ChoiceDice */;
			targetProxy = 2B309E1D2A53580900220D1F /* PBXContainerItemProxy */;
		};
		2B309E282A53580900220D1F /* PBXTargetDependency */ = {
			isa = PBXTargetDependency;
			target = 2B309E062A53580700220D1F /* ChoiceDice */;
			targetProxy = 2B309E272A53580900220D1F /* PBXContainerItemProxy */;
		};
/* End PBXTargetDependency section */

/* Begin XCBuildConfiguration section */
		2B309E2E2A53580900220D1F /* Debug */ = {
			isa = XCBuildConfiguration;
			buildSettings = {
				ALWAYS_SEARCH_USER_PATHS = NO;
				CLANG_ANALYZER_NONNULL = YES;
				CLANG_ANALYZER_NUMBER_OBJECT_CONVERSION = YES_AGGRESSIVE;
				CLANG_CXX_LANGUAGE_STANDARD = "gnu++20";
				CLANG_ENABLE_MODULES = YES;
				CLANG_ENABLE_OBJC_ARC = YES;
				CLANG_ENABLE_OBJC_WEAK = YES;
				CLANG_WARN_BLOCK_CAPTURE_AUTORELEASING = YES;
				CLANG_WARN_BOOL_CONVERSION = YES;
				CLANG_WARN_COMMA = YES;
				CLANG_WARN_CONSTANT_CONVERSION = YES;
				CLANG_WARN_DEPRECATED_OBJC_IMPLEMENTATIONS = YES;
				CLANG_WARN_DIRECT_OBJC_ISA_USAGE = YES_ERROR;
				CLANG_WARN_DOCUMENTATION_COMMENTS = YES;
				CLANG_WARN_EMPTY_BODY = YES;
				CLANG_WARN_ENUM_CONVERSION = YES;
				CLANG_WARN_INFINITE_RECURSION = YES;
				CLANG_WARN_INT_CONVERSION = YES;
				CLANG_WARN_NON_LITERAL_NULL_CONVERSION = YES;
				CLANG_WARN_OBJC_IMPLICIT_RETAIN_SELF = YES;
				CLANG_WARN_OBJC_LITERAL_CONVERSION = YES;
				CLANG_WARN_OBJC_ROOT_CLASS = YES_ERROR;
				CLANG_WARN_QUOTED_INCLUDE_IN_FRAMEWORK_HEADER = YES;
				CLANG_WARN_RANGE_LOOP_ANALYSIS = YES;
				CLANG_WARN_STRICT_PROTOTYPES = YES;
				CLANG_WARN_SUSPICIOUS_MOVE = YES;
				CLANG_WARN_UNGUARDED_AVAILABILITY = YES_AGGRESSIVE;
				CLANG_WARN_UNREACHABLE_CODE = YES;
				CLANG_WARN__DUPLICATE_METHOD_MATCH = YES;
				COPY_PHASE_STRIP = NO;
				DEBUG_INFORMATION_FORMAT = dwarf;
				ENABLE_STRICT_OBJC_MSGSEND = YES;
				ENABLE_TESTABILITY = YES;
				GCC_C_LANGUAGE_STANDARD = gnu11;
				GCC_DYNAMIC_NO_PIC = NO;
				GCC_NO_COMMON_BLOCKS = YES;
				GCC_OPTIMIZATION_LEVEL = 0;
				GCC_PREPROCESSOR_DEFINITIONS = (
					"DEBUG=1",
					"$(inherited)",
				);
				GCC_WARN_64_TO_32_BIT_CONVERSION = YES;
				GCC_WARN_ABOUT_RETURN_TYPE = YES_ERROR;
				GCC_WARN_UNDECLARED_SELECTOR = YES;
				GCC_WARN_UNINITIALIZED_AUTOS = YES_AGGRESSIVE;
				GCC_WARN_UNUSED_FUNCTION = YES;
				GCC_WARN_UNUSED_VARIABLE = YES;
				IPHONEOS_DEPLOYMENT_TARGET = 16.4;
				MTL_ENABLE_DEBUG_INFO = INCLUDE_SOURCE;
				MTL_FAST_MATH = YES;
				ONLY_ACTIVE_ARCH = YES;
				SDKROOT = iphoneos;
				SWIFT_ACTIVE_COMPILATION_CONDITIONS = DEBUG;
				SWIFT_OPTIMIZATION_LEVEL = "-Onone";
			};
			name = Debug;
		};
		2B309E2F2A53580900220D1F /* Release */ = {
			isa = XCBuildConfiguration;
			buildSettings = {
				ALWAYS_SEARCH_USER_PATHS = NO;
				CLANG_ANALYZER_NONNULL = YES;
				CLANG_ANALYZER_NUMBER_OBJECT_CONVERSION = YES_AGGRESSIVE;
				CLANG_CXX_LANGUAGE_STANDARD = "gnu++20";
				CLANG_ENABLE_MODULES = YES;
				CLANG_ENABLE_OBJC_ARC = YES;
				CLANG_ENABLE_OBJC_WEAK = YES;
				CLANG_WARN_BLOCK_CAPTURE_AUTORELEASING = YES;
				CLANG_WARN_BOOL_CONVERSION = YES;
				CLANG_WARN_COMMA = YES;
				CLANG_WARN_CONSTANT_CONVERSION = YES;
				CLANG_WARN_DEPRECATED_OBJC_IMPLEMENTATIONS = YES;
				CLANG_WARN_DIRECT_OBJC_ISA_USAGE = YES_ERROR;
				CLANG_WARN_DOCUMENTATION_COMMENTS = YES;
				CLANG_WARN_EMPTY_BODY = YES;
				CLANG_WARN_ENUM_CONVERSION = YES;
				CLANG_WARN_INFINITE_RECURSION = YES;
				CLANG_WARN_INT_CONVERSION = YES;
				CLANG_WARN_NON_LITERAL_NULL_CONVERSION = YES;
				CLANG_WARN_OBJC_IMPLICIT_RETAIN_SELF = YES;
				CLANG_WARN_OBJC_LITERAL_CONVERSION = YES;
				CLANG_WARN_OBJC_ROOT_CLASS = YES_ERROR;
				CLANG_WARN_QUOTED_INCLUDE_IN_FRAMEWORK_HEADER = YES;
				CLANG_WARN_RANGE_LOOP_ANALYSIS = YES;
				CLANG_WARN_STRICT_PROTOTYPES = YES;
				CLANG_WARN_SUSPICIOUS_MOVE = YES;
				CLANG_WARN_UNGUARDED_AVAILABILITY = YES_AGGRESSIVE;
				CLANG_WARN_UNREACHABLE_CODE = YES;
				CLANG_WARN__DUPLICATE_METHOD_MATCH = YES;
				COPY_PHASE_STRIP = NO;
				DEBUG_INFORMATION_FORMAT = "dwarf-with-dsym";
				ENABLE_NS_ASSERTIONS = NO;
				ENABLE_STRICT_OBJC_MSGSEND = YES;
				GCC_C_LANGUAGE_STANDARD = gnu11;
				GCC_NO_COMMON_BLOCKS = YES;
				GCC_WARN_64_TO_32_BIT_CONVERSION = YES;
				GCC_WARN_ABOUT_RETURN_TYPE = YES_ERROR;
				GCC_WARN_UNDECLARED_SELECTOR = YES;
				GCC_WARN_UNINITIALIZED_AUTOS = YES_AGGRESSIVE;
				GCC_WARN_UNUSED_FUNCTION = YES;
				GCC_WARN_UNUSED_VARIABLE = YES;
				IPHONEOS_DEPLOYMENT_TARGET = 16.4;
				MTL_ENABLE_DEBUG_INFO = NO;
				MTL_FAST_MATH = YES;
				SDKROOT = iphoneos;
				SWIFT_COMPILATION_MODE = wholemodule;
				SWIFT_OPTIMIZATION_LEVEL = "-O";
				VALIDATE_PRODUCT = YES;
			};
			name = Release;
		};
		2B309E312A53580900220D1F /* Debug */ = {
			isa = XCBuildConfiguration;
			buildSettings = {
				ASSETCATALOG_COMPILER_APPICON_NAME = AppIcon;
				ASSETCATALOG_COMPILER_GLOBAL_ACCENT_COLOR_NAME = AccentColor;
				CODE_SIGN_STYLE = Automatic;
				CURRENT_PROJECT_VERSION = 1;
				DEVELOPMENT_ASSET_PATHS = "\"ChoiceDice/Preview Content\"";
				DEVELOPMENT_TEAM = AQUE4FE98B;
				ENABLE_PREVIEWS = YES;
				GENERATE_INFOPLIST_FILE = YES;
				INFOPLIST_KEY_UIApplicationSceneManifest_Generation = YES;
				INFOPLIST_KEY_UIApplicationSupportsIndirectInputEvents = YES;
				INFOPLIST_KEY_UILaunchScreen_Generation = YES;
				INFOPLIST_KEY_UISupportedInterfaceOrientations_iPad = "UIInterfaceOrientationPortrait UIInterfaceOrientationPortraitUpsideDown UIInterfaceOrientationLandscapeLeft UIInterfaceOrientationLandscapeRight";
				INFOPLIST_KEY_UISupportedInterfaceOrientations_iPhone = "UIInterfaceOrientationPortrait UIInterfaceOrientationLandscapeLeft UIInterfaceOrientationLandscapeRight";
				LD_RUNPATH_SEARCH_PATHS = (
					"$(inherited)",
					"@executable_path/Frameworks",
				);
				MARKETING_VERSION = 1.0;
				PRODUCT_BUNDLE_IDENTIFIER = io.zheref.ChoiceDice;
				PRODUCT_NAME = "$(TARGET_NAME)";
				SWIFT_EMIT_LOC_STRINGS = YES;
				SWIFT_VERSION = 5.0;
				TARGETED_DEVICE_FAMILY = "1,2";
			};
			name = Debug;
		};
		2B309E322A53580900220D1F /* Release */ = {
			isa = XCBuildConfiguration;
			buildSettings = {
				ASSETCATALOG_COMPILER_APPICON_NAME = AppIcon;
				ASSETCATALOG_COMPILER_GLOBAL_ACCENT_COLOR_NAME = AccentColor;
				CODE_SIGN_STYLE = Automatic;
				CURRENT_PROJECT_VERSION = 1;
				DEVELOPMENT_ASSET_PATHS = "\"ChoiceDice/Preview Content\"";
				DEVELOPMENT_TEAM = AQUE4FE98B;
				ENABLE_PREVIEWS = YES;
				GENERATE_INFOPLIST_FILE = YES;
				INFOPLIST_KEY_UIApplicationSceneManifest_Generation = YES;
				INFOPLIST_KEY_UIApplicationSupportsIndirectInputEvents = YES;
				INFOPLIST_KEY_UILaunchScreen_Generation = YES;
				INFOPLIST_KEY_UISupportedInterfaceOrientations_iPad = "UIInterfaceOrientationPortrait UIInterfaceOrientationPortraitUpsideDown UIInterfaceOrientationLandscapeLeft UIInterfaceOrientationLandscapeRight";
				INFOPLIST_KEY_UISupportedInterfaceOrientations_iPhone = "UIInterfaceOrientationPortrait UIInterfaceOrientationLandscapeLeft UIInterfaceOrientationLandscapeRight";
				LD_RUNPATH_SEARCH_PATHS = (
					"$(inherited)",
					"@executable_path/Frameworks",
				);
				MARKETING_VERSION = 1.0;
				PRODUCT_BUNDLE_IDENTIFIER = io.zheref.ChoiceDice;
				PRODUCT_NAME = "$(TARGET_NAME)";
				SWIFT_EMIT_LOC_STRINGS = YES;
				SWIFT_VERSION = 5.0;
				TARGETED_DEVICE_FAMILY = "1,2";
			};
			name = Release;
		};
		2B309E342A53580900220D1F /* Debug */ = {
			isa = XCBuildConfiguration;
			buildSettings = {
				ALWAYS_EMBED_SWIFT_STANDARD_LIBRARIES = YES;
				BUNDLE_LOADER = "$(TEST_HOST)";
				CODE_SIGN_STYLE = Automatic;
				CURRENT_PROJECT_VERSION = 1;
				DEVELOPMENT_TEAM = AQUE4FE98B;
				GENERATE_INFOPLIST_FILE = YES;
				IPHONEOS_DEPLOYMENT_TARGET = 16.4;
				MARKETING_VERSION = 1.0;
				PRODUCT_BUNDLE_IDENTIFIER = io.zheref.ChoiceDiceTests;
				PRODUCT_NAME = "$(TARGET_NAME)";
				SWIFT_EMIT_LOC_STRINGS = NO;
				SWIFT_VERSION = 5.0;
				TARGETED_DEVICE_FAMILY = "1,2";
				TEST_HOST = "$(BUILT_PRODUCTS_DIR)/ChoiceDice.app/$(BUNDLE_EXECUTABLE_FOLDER_PATH)/ChoiceDice";
			};
			name = Debug;
		};
		2B309E352A53580900220D1F /* Release */ = {
			isa = XCBuildConfiguration;
			buildSettings = {
				ALWAYS_EMBED_SWIFT_STANDARD_LIBRARIES = YES;
				BUNDLE_LOADER = "$(TEST_HOST)";
				CODE_SIGN_STYLE = Automatic;
				CURRENT_PROJECT_VERSION = 1;
				DEVELOPMENT_TEAM = AQUE4FE98B;
				GENERATE_INFOPLIST_FILE = YES;
				IPHONEOS_DEPLOYMENT_TARGET = 16.4;
				MARKETING_VERSION = 1.0;
				PRODUCT_BUNDLE_IDENTIFIER = io.zheref.ChoiceDiceTests;
				PRODUCT_NAME = "$(TARGET_NAME)";
				SWIFT_EMIT_LOC_STRINGS = NO;
				SWIFT_VERSION = 5.0;
				TARGETED_DEVICE_FAMILY = "1,2";
				TEST_HOST = "$(BUILT_PRODUCTS_DIR)/ChoiceDice.app/$(BUNDLE_EXECUTABLE_FOLDER_PATH)/ChoiceDice";
			};
			name = Release;
		};
		2B309E372A53580900220D1F /* Debug */ = {
			isa = XCBuildConfiguration;
			buildSettings = {
				ALWAYS_EMBED_SWIFT_STANDARD_LIBRARIES = YES;
				CODE_SIGN_STYLE = Automatic;
				CURRENT_PROJECT_VERSION = 1;
				DEVELOPMENT_TEAM = AQUE4FE98B;
				GENERATE_INFOPLIST_FILE = YES;
				MARKETING_VERSION = 1.0;
				PRODUCT_BUNDLE_IDENTIFIER = io.zheref.ChoiceDiceUITests;
				PRODUCT_NAME = "$(TARGET_NAME)";
				SWIFT_EMIT_LOC_STRINGS = NO;
				SWIFT_VERSION = 5.0;
				TARGETED_DEVICE_FAMILY = "1,2";
				TEST_TARGET_NAME = ChoiceDice;
			};
			name = Debug;
		};
		2B309E382A53580900220D1F /* Release */ = {
			isa = XCBuildConfiguration;
			buildSettings = {
				ALWAYS_EMBED_SWIFT_STANDARD_LIBRARIES = YES;
				CODE_SIGN_STYLE = Automatic;
				CURRENT_PROJECT_VERSION = 1;
				DEVELOPMENT_TEAM = AQUE4FE98B;
				GENERATE_INFOPLIST_FILE = YES;
				MARKETING_VERSION = 1.0;
				PRODUCT_BUNDLE_IDENTIFIER = io.zheref.ChoiceDiceUITests;
				PRODUCT_NAME = "$(TARGET_NAME)";
				SWIFT_EMIT_LOC_STRINGS = NO;
				SWIFT_VERSION = 5.0;
				TARGETED_DEVICE_FAMILY = "1,2";
				TEST_TARGET_NAME = ChoiceDice;
			};
			name = Release;
		};
/* End XCBuildConfiguration section */

/* Begin XCConfigurationList section */
		2B309E022A53580700220D1F /* Build configuration list for PBXProject "ChoiceDice" */ = {
			isa = XCConfigurationList;
			buildConfigurations = (
				2B309E2E2A53580900220D1F /* Debug */,
				2B309E2F2A53580900220D1F /* Release */,
			);
			defaultConfigurationIsVisible = 0;
			defaultConfigurationName = Release;
		};
		2B309E302A53580900220D1F /* Build configuration list for PBXNativeTarget "ChoiceDice" */ = {
			isa = XCConfigurationList;
			buildConfigurations = (
				2B309E312A53580900220D1F /* Debug */,
				2B309E322A53580900220D1F /* Release */,
			);
			defaultConfigurationIsVisible = 0;
			defaultConfigurationName = Release;
		};
		2B309E332A53580900220D1F /* Build configuration list for PBXNativeTarget "ChoiceDiceTests" */ = {
			isa = XCConfigurationList;
			buildConfigurations = (
				2B309E342A53580900220D1F /* Debug */,
				2B309E352A53580900220D1F /* Release */,
			);
			defaultConfigurationIsVisible = 0;
			defaultConfigurationName = Release;
		};
		2B309E362A53580900220D1F /* Build configuration list for PBXNativeTarget "ChoiceDiceUITests" */ = {
			isa = XCConfigurationList;
			buildConfigurations = (
				2B309E372A53580900220D1F /* Debug */,
				2B309E382A53580900220D1F /* Release */,
			);
			defaultConfigurationIsVisible = 0;
			defaultConfigurationName = Release;
		};
/* End XCConfigurationList section */

/* Begin XCRemoteSwiftPackageReference section */
		2B309E3D2A5359B800220D1F /* XCRemoteSwiftPackageReference "swift-composable-architecture" */ = {
			isa = XCRemoteSwiftPackageReference;
			repositoryURL = "https://github.com/pointfreeco/swift-composable-architecture";
			requirement = {
				kind = upToNextMajorVersion;
				minimumVersion = 0.55.0;
			};
		};
		2BF2D1BB2A54B5AE0082293A /* XCRemoteSwiftPackageReference "swift-snapshot-testing" */ = {
			isa = XCRemoteSwiftPackageReference;
			repositoryURL = "https://github.com/pointfreeco/swift-snapshot-testing";
			requirement = {
				kind = upToNextMajorVersion;
				minimumVersion = 1.0.0;
			};
		};
/* End XCRemoteSwiftPackageReference section */

/* Begin XCSwiftPackageProductDependency section */
		2B309E3E2A5359B800220D1F /* ComposableArchitecture */ = {
			isa = XCSwiftPackageProductDependency;
			package = 2B309E3D2A5359B800220D1F /* XCRemoteSwiftPackageReference "swift-composable-architecture" */;
			productName = ComposableArchitecture;
		};
		2BF2D1C32A54B7B30082293A /* ComposableArchitecture */ = {
			isa = XCSwiftPackageProductDependency;
			package = 2B309E3D2A5359B800220D1F /* XCRemoteSwiftPackageReference "swift-composable-architecture" */;
			productName = ComposableArchitecture;
		};
		2BF2D1C52A54B7C50082293A /* SnapshotTesting */ = {
			isa = XCSwiftPackageProductDependency;
			package = 2BF2D1BB2A54B5AE0082293A /* XCRemoteSwiftPackageReference "swift-snapshot-testing" */;
			productName = SnapshotTesting;
		};
/* End XCSwiftPackageProductDependency section */

/* Begin XCVersionGroup section */
		2B309E152A53580900220D1F /* ChoiceDice.xcdatamodeld */ = {
			isa = XCVersionGroup;
			children = (
				2B309E162A53580900220D1F /* ChoiceDice.xcdatamodel */,
			);
			currentVersion = 2B309E162A53580900220D1F /* ChoiceDice.xcdatamodel */;
			path = ChoiceDice.xcdatamodeld;
			sourceTree = "<group>";
			versionGroupType = wrapper.xcdatamodel;
		};
/* End XCVersionGroup section */
	};
	rootObject = 2B309DFF2A53580700220D1F /* Project object */;
}
